
Microsoft Visual Studio Solution File, Format Version 12.00
# Visual Studio Version 17
VisualStudioVersion = 17.7.34221.43
MinimumVisualStudioVersion = 10.0.40219.1
Project("{9A19103F-16F7-4668-BE54-9A1E7A4F7556}") = "CSharp", "CSharp\CSharp.csproj", "{77DC55C2-70B8-44BA-B78A-F54190A25C49}"
EndProject
Project("{2150E333-8FDC-42A3-9474-1A3956D46DE8}") = "DiceGuessingGame", "DiceGuessingGame", "{AB482AF0-BFA6-4371-9B9F-D42370ACB825}"
EndProject
Project("{FAE04EC0-301F-11D3-BF4B-00C04F79EFBC}") = "DiceRollGame", "DiceRollGame\DiceRollGame.csproj", "{23DD54A1-3059-4329-9F99-D163E7086726}"
EndProject
Project("{2150E333-8FDC-42A3-9474-1A3956D46DE8}") = "Tests", "Tests", "{19C02F1A-49CA-4CDE-9769-4C8DA9485102}"
EndProject
Project("{FAE04EC0-301F-11D3-BF4B-00C04F79EFBC}") = "GuessingGameTests", "GuessingGameTests\GuessingGameTests.csproj", "{D6D73A8E-2672-4121-9445-6397CD655930}"
EndProject
Global
	GlobalSection(SolutionConfigurationPlatforms) = preSolution
		Debug|Any CPU = Debug|Any CPU
		Release|Any CPU = Release|Any CPU
	EndGlobalSection
	GlobalSection(ProjectConfigurationPlatforms) = postSolution
		{77DC55C2-70B8-44BA-B78A-F54190A25C49}.Debug|Any CPU.ActiveCfg = Debug|Any CPU
		{77DC55C2-70B8-44BA-B78A-F54190A25C49}.Debug|Any CPU.Build.0 = Debug|Any CPU
		{77DC55C2-70B8-44BA-B78A-F54190A25C49}.Release|Any CPU.ActiveCfg = Release|Any CPU
		{77DC55C2-70B8-44BA-B78A-F54190A25C49}.Release|Any CPU.Build.0 = Release|Any CPU
		{23DD54A1-3059-4329-9F99-D163E7086726}.Debug|Any CPU.ActiveCfg = Debug|Any CPU
		{23DD54A1-3059-4329-9F99-D163E7086726}.Debug|Any CPU.Build.0 = Debug|Any CPU
		{23DD54A1-3059-4329-9F99-D163E7086726}.Release|Any CPU.ActiveCfg = Release|Any CPU
		{23DD54A1-3059-4329-9F99-D163E7086726}.Release|Any CPU.Build.0 = Release|Any CPU
		{D6D73A8E-2672-4121-9445-6397CD655930}.Debug|Any CPU.ActiveCfg = Debug|Any CPU
		{D6D73A8E-2672-4121-9445-6397CD655930}.Debug|Any CPU.Build.0 = Debug|Any CPU
		{D6D73A8E-2672-4121-9445-6397CD655930}.Release|Any CPU.ActiveCfg = Release|Any CPU
		{D6D73A8E-2672-4121-9445-6397CD655930}.Release|Any CPU.Build.0 = Release|Any CPU
	EndGlobalSection
	GlobalSection(SolutionProperties) = preSolution
		HideSolutionNode = FALSE
	EndGlobalSection
	GlobalSection(NestedProjects) = preSolution
		{23DD54A1-3059-4329-9F99-D163E7086726} = {AB482AF0-BFA6-4371-9B9F-D42370ACB825}
		{D6D73A8E-2672-4121-9445-6397CD655930} = {19C02F1A-49CA-4CDE-9769-4C8DA9485102}
	EndGlobalSection
	GlobalSection(ExtensibilityGlobals) = postSolution
		SolutionGuid = {0A707EAF-4C01-49A1-96DB-BB479A25D5AC}
	EndGlobalSection
EndGlobal
