
Microsoft Visual Studio Solution File, Format Version 12.00
# Visual Studio Version 17
VisualStudioVersion = 17.7.34221.43
MinimumVisualStudioVersion = 10.0.40219.1
Project("{9A19103F-16F7-4668-BE54-9A1E7A4F7556}") = "CSharp", "CSharp\CSharp.csproj", "{77DC55C2-70B8-44BA-B78A-F54190A25C49}"
EndProject
Project("{2150E333-8FDC-42A3-9474-1A3956D46DE8}") = "Fibonacci", "Fibonacci", "{30E55D6D-DCB3-4118-8FFA-C4F8171F20C4}"
EndProject
Project("{FAE04EC0-301F-11D3-BF4B-00C04F79EFBC}") = "Fibonacci", "Fibonacci\Fibonacci.csproj", "{62B8B51A-4BFE-4287-85DB-ADDC94E51077}"
EndProject
Project("{FAE04EC0-301F-11D3-BF4B-00C04F79EFBC}") = "FibonacciTests", "FibonacciTests\FibonacciTests.csproj", "{5F1D117D-8E82-4398-8896-98A4A9038996}"
	ProjectSection(ProjectDependencies) = postProject
		{62B8B51A-4BFE-4287-85DB-ADDC94E51077} = {62B8B51A-4BFE-4287-85DB-ADDC94E51077}
	EndProjectSection
EndProject
Global
	GlobalSection(SolutionConfigurationPlatforms) = preSolution
		Debug|Any CPU = Debug|Any CPU
		Release|Any CPU = Release|Any CPU
	EndGlobalSection
	GlobalSection(ProjectConfigurationPlatforms) = postSolution
		{77DC55C2-70B8-44BA-B78A-F54190A25C49}.Debug|Any CPU.ActiveCfg = Debug|Any CPU
		{77DC55C2-70B8-44BA-B78A-F54190A25C49}.Debug|Any CPU.Build.0 = Debug|Any CPU
		{77DC55C2-70B8-44BA-B78A-F54190A25C49}.Release|Any CPU.ActiveCfg = Release|Any CPU
		{77DC55C2-70B8-44BA-B78A-F54190A25C49}.Release|Any CPU.Build.0 = Release|Any CPU
		{62B8B51A-4BFE-4287-85DB-ADDC94E51077}.Debug|Any CPU.ActiveCfg = Debug|Any CPU
		{62B8B51A-4BFE-4287-85DB-ADDC94E51077}.Debug|Any CPU.Build.0 = Debug|Any CPU
		{62B8B51A-4BFE-4287-85DB-ADDC94E51077}.Release|Any CPU.ActiveCfg = Release|Any CPU
		{62B8B51A-4BFE-4287-85DB-ADDC94E51077}.Release|Any CPU.Build.0 = Release|Any CPU
		{5F1D117D-8E82-4398-8896-98A4A9038996}.Debug|Any CPU.ActiveCfg = Debug|Any CPU
		{5F1D117D-8E82-4398-8896-98A4A9038996}.Debug|Any CPU.Build.0 = Debug|Any CPU
		{5F1D117D-8E82-4398-8896-98A4A9038996}.Release|Any CPU.ActiveCfg = Release|Any CPU
		{5F1D117D-8E82-4398-8896-98A4A9038996}.Release|Any CPU.Build.0 = Release|Any CPU
	EndGlobalSection
	GlobalSection(SolutionProperties) = preSolution
		HideSolutionNode = FALSE
	EndGlobalSection
	GlobalSection(NestedProjects) = preSolution
		{62B8B51A-4BFE-4287-85DB-ADDC94E51077} = {30E55D6D-DCB3-4118-8FFA-C4F8171F20C4}
	EndGlobalSection
	GlobalSection(ExtensibilityGlobals) = postSolution
		SolutionGuid = {0A707EAF-4C01-49A1-96DB-BB479A25D5AC}
	EndGlobalSection
EndGlobal
